
Microsoft Visual Studio Solution File, Format Version 12.00
# Visual Studio Version 17
VisualStudioVersion = 17.10.34928.147
MinimumVisualStudioVersion = 10.0.40219.1
Project("{FAE04EC0-301F-11D3-BF4B-00C04F79EFBC}") = "Unicom TIC Management System", "Unicom TIC Management System\Unicom TIC Management System.csproj", "{BEFE30CB-6E45-45F2-9437-61B718F2F5C4}"
EndProject
Project("{2150E333-8FDC-42A3-9474-1A3956D46DE8}") = "Solution Items", "Solution Items", "{8D8C1623-874E-4E58-8E82-CC848E2C3106}"
	ProjectSection(SolutionItems) = preProject
		.editorconfig = .editorconfig
	EndProjectSection
EndProject
Global
	GlobalSection(SolutionConfigurationPlatforms) = preSolution
		Debug|Any CPU = Debug|Any CPU
		Release|Any CPU = Release|Any CPU
	EndGlobalSection
	GlobalSection(ProjectConfigurationPlatforms) = postSolution
		{BEFE30CB-6E45-45F2-9437-61B718F2F5C4}.Debug|Any CPU.ActiveCfg = Debug|Any CPU
		{BEFE30CB-6E45-45F2-9437-61B718F2F5C4}.Debug|Any CPU.Build.0 = Debug|Any CPU
		{BEFE30CB-6E45-45F2-9437-61B718F2F5C4}.Release|Any CPU.ActiveCfg = Release|Any CPU
		{BEFE30CB-6E45-45F2-9437-61B718F2F5C4}.Release|Any CPU.Build.0 = Release|Any CPU
	EndGlobalSection
	GlobalSection(SolutionProperties) = preSolution
		HideSolutionNode = FALSE
	EndGlobalSection
	GlobalSection(ExtensibilityGlobals) = postSolution
		SolutionGuid = {F03CBCF6-922B-4C9D-A400-7E4C1715AEB2}
	EndGlobalSection
EndGlobal
